
Microsoft Visual Studio Solution File, Format Version 12.00
# Visual Studio 15
VisualStudioVersion = 15.0.28307.902
MinimumVisualStudioVersion = 10.0.40219.1
Project("{FAE04EC0-301F-11D3-BF4B-00C04F79EFBC}") = "MiniCalc", "MiniCalc\MiniCalc.csproj", "{7A85E661-53D6-4397-B53B-A8BB596C0594}"
EndProject
Global
	GlobalSection(SolutionConfigurationPlatforms) = preSolution
		Debug|Any CPU = Debug|Any CPU
		Release|Any CPU = Release|Any CPU
	EndGlobalSection
	GlobalSection(ProjectConfigurationPlatforms) = postSolution
		{7A85E661-53D6-4397-B53B-A8BB596C0594}.Debug|Any CPU.ActiveCfg = Debug|Any CPU
		{7A85E661-53D6-4397-B53B-A8BB596C0594}.Debug|Any CPU.Build.0 = Debug|Any CPU
		{7A85E661-53D6-4397-B53B-A8BB596C0594}.Release|Any CPU.ActiveCfg = Release|Any CPU
		{7A85E661-53D6-4397-B53B-A8BB596C0594}.Release|Any CPU.Build.0 = Release|Any CPU
	EndGlobalSection
	GlobalSection(SolutionProperties) = preSolution
		HideSolutionNode = FALSE
	EndGlobalSection
	GlobalSection(ExtensibilityGlobals) = postSolution
		SolutionGuid = {29567C91-FD44-4C13-8B4F-557280C60C0D}
	EndGlobalSection
EndGlobal
