
Microsoft Visual Studio Solution File, Format Version 12.00
# Visual Studio Version 16
VisualStudioVersion = 16.0.30503.244
MinimumVisualStudioVersion = 10.0.40219.1
Project("{FAE04EC0-301F-11D3-BF4B-00C04F79EFBC}") = "AppStats", "Aluno\AppStats.csproj", "{ED13BCA6-60AA-4780-AB38-4C95802F8EDC}"
EndProject
Project("{FAE04EC0-301F-11D3-BF4B-00C04F79EFBC}") = "CamadaDados", "CamadaDados\CamadaDados.csproj", "{6667B1C6-27D3-4527-A657-2E5D868419C2}"
EndProject
Project("{FAE04EC0-301F-11D3-BF4B-00C04F79EFBC}") = "CamadaNegocio", "CamadaNegocio\CamadaNegocio.csproj", "{E70E5348-0B90-4C16-9318-9199BCB81FBC}"
EndProject
Global
	GlobalSection(SolutionConfigurationPlatforms) = preSolution
		Debug|Any CPU = Debug|Any CPU
		Release|Any CPU = Release|Any CPU
	EndGlobalSection
	GlobalSection(ProjectConfigurationPlatforms) = postSolution
		{ED13BCA6-60AA-4780-AB38-4C95802F8EDC}.Debug|Any CPU.ActiveCfg = Debug|Any CPU
		{ED13BCA6-60AA-4780-AB38-4C95802F8EDC}.Debug|Any CPU.Build.0 = Debug|Any CPU
		{ED13BCA6-60AA-4780-AB38-4C95802F8EDC}.Release|Any CPU.ActiveCfg = Release|Any CPU
		{ED13BCA6-60AA-4780-AB38-4C95802F8EDC}.Release|Any CPU.Build.0 = Release|Any CPU
		{6667B1C6-27D3-4527-A657-2E5D868419C2}.Debug|Any CPU.ActiveCfg = Debug|Any CPU
		{6667B1C6-27D3-4527-A657-2E5D868419C2}.Debug|Any CPU.Build.0 = Debug|Any CPU
		{6667B1C6-27D3-4527-A657-2E5D868419C2}.Release|Any CPU.ActiveCfg = Release|Any CPU
		{6667B1C6-27D3-4527-A657-2E5D868419C2}.Release|Any CPU.Build.0 = Release|Any CPU
		{E70E5348-0B90-4C16-9318-9199BCB81FBC}.Debug|Any CPU.ActiveCfg = Debug|Any CPU
		{E70E5348-0B90-4C16-9318-9199BCB81FBC}.Debug|Any CPU.Build.0 = Debug|Any CPU
		{E70E5348-0B90-4C16-9318-9199BCB81FBC}.Release|Any CPU.ActiveCfg = Release|Any CPU
		{E70E5348-0B90-4C16-9318-9199BCB81FBC}.Release|Any CPU.Build.0 = Release|Any CPU
	EndGlobalSection
	GlobalSection(SolutionProperties) = preSolution
		HideSolutionNode = FALSE
	EndGlobalSection
	GlobalSection(ExtensibilityGlobals) = postSolution
		SolutionGuid = {DA6D0E0D-34A0-4FDD-8809-93CD5DD03F82}
	EndGlobalSection
EndGlobal
