
Microsoft Visual Studio Solution File, Format Version 12.00
# Visual Studio Version 16
VisualStudioVersion = 16.0.30503.244
MinimumVisualStudioVersion = 10.0.40219.1
Project("{FAE04EC0-301F-11D3-BF4B-00C04F79EFBC}") = "Project5", "Project5.csproj", "{74EAA025-444D-4A44-B5FE-4353C9608A02}"
EndProject
Global
	GlobalSection(SolutionConfigurationPlatforms) = preSolution
		Debug|Any CPU = Debug|Any CPU
		Release|Any CPU = Release|Any CPU
	EndGlobalSection
	GlobalSection(ProjectConfigurationPlatforms) = postSolution
		{74EAA025-444D-4A44-B5FE-4353C9608A02}.Debug|Any CPU.ActiveCfg = Debug|Any CPU
		{74EAA025-444D-4A44-B5FE-4353C9608A02}.Debug|Any CPU.Build.0 = Debug|Any CPU
		{74EAA025-444D-4A44-B5FE-4353C9608A02}.Release|Any CPU.ActiveCfg = Release|Any CPU
		{74EAA025-444D-4A44-B5FE-4353C9608A02}.Release|Any CPU.Build.0 = Release|Any CPU
	EndGlobalSection
	GlobalSection(SolutionProperties) = preSolution
		HideSolutionNode = FALSE
	EndGlobalSection
	GlobalSection(ExtensibilityGlobals) = postSolution
		SolutionGuid = {EF43B0D2-DB16-4136-898C-245DF2E61E82}
	EndGlobalSection
EndGlobal
