
Microsoft Visual Studio Solution File, Format Version 12.00
# Visual Studio 15
VisualStudioVersion = 15.0.27130.2020
MinimumVisualStudioVersion = 10.0.40219.1
Project("{FAE04EC0-301F-11D3-BF4B-00C04F79EFBC}") = "Gestao Notas", "Gestao Notas\Gestao Notas.csproj", "{BE97CD10-E553-4D80-925D-10259C80CF21}"
EndProject
Global
	GlobalSection(SolutionConfigurationPlatforms) = preSolution
		Debug|Any CPU = Debug|Any CPU
		Release|Any CPU = Release|Any CPU
	EndGlobalSection
	GlobalSection(ProjectConfigurationPlatforms) = postSolution
		{BE97CD10-E553-4D80-925D-10259C80CF21}.Debug|Any CPU.ActiveCfg = Debug|Any CPU
		{BE97CD10-E553-4D80-925D-10259C80CF21}.Debug|Any CPU.Build.0 = Debug|Any CPU
		{BE97CD10-E553-4D80-925D-10259C80CF21}.Release|Any CPU.ActiveCfg = Release|Any CPU
		{BE97CD10-E553-4D80-925D-10259C80CF21}.Release|Any CPU.Build.0 = Release|Any CPU
	EndGlobalSection
	GlobalSection(SolutionProperties) = preSolution
		HideSolutionNode = FALSE
	EndGlobalSection
	GlobalSection(ExtensibilityGlobals) = postSolution
		SolutionGuid = {33EA370B-6B14-4CD9-AFE2-5A08CAC1E2CA}
	EndGlobalSection
EndGlobal
