
Microsoft Visual Studio Solution File, Format Version 12.00
# Visual Studio Version 16
VisualStudioVersion = 16.0.30011.22
MinimumVisualStudioVersion = 10.0.40219.1
Project("{FAE04EC0-301F-11D3-BF4B-00C04F79EFBC}") = "05-Euro2020", "05-Euro2020\05-Euro2020.csproj", "{D4380731-0C2D-4BD8-8916-1181A8F0CA6E}"
EndProject
Global
	GlobalSection(SolutionConfigurationPlatforms) = preSolution
		Debug|Any CPU = Debug|Any CPU
		Release|Any CPU = Release|Any CPU
	EndGlobalSection
	GlobalSection(ProjectConfigurationPlatforms) = postSolution
		{D4380731-0C2D-4BD8-8916-1181A8F0CA6E}.Debug|Any CPU.ActiveCfg = Debug|Any CPU
		{D4380731-0C2D-4BD8-8916-1181A8F0CA6E}.Debug|Any CPU.Build.0 = Debug|Any CPU
		{D4380731-0C2D-4BD8-8916-1181A8F0CA6E}.Release|Any CPU.ActiveCfg = Release|Any CPU
		{D4380731-0C2D-4BD8-8916-1181A8F0CA6E}.Release|Any CPU.Build.0 = Release|Any CPU
	EndGlobalSection
	GlobalSection(SolutionProperties) = preSolution
		HideSolutionNode = FALSE
	EndGlobalSection
	GlobalSection(ExtensibilityGlobals) = postSolution
		SolutionGuid = {E6E0841B-26E5-4A3B-9DC0-575653017AD3}
	EndGlobalSection
EndGlobal
